
Microsoft Visual Studio Solution File, Format Version 12.00
# Visual Studio Version 17
VisualStudioVersion = 17.12.35707.178
MinimumVisualStudioVersion = 10.0.40219.1
Project("{FAE04EC0-301F-11D3-BF4B-00C04F79EFBC}") = "Sirstrap.Core", "Sirstrap.Core\Sirstrap.Core.csproj", "{4FB1A34A-1FF7-4083-B179-A3CAF4D266E3}"
EndProject
Project("{FAE04EC0-301F-11D3-BF4B-00C04F79EFBC}") = "Sirstrap.UI", "Sirstrap.UI\Sirstrap.UI.csproj", "{A9F724D8-A419-4ABB-8D99-541BF1C2B8FA}"
EndProject
Project("{FAE04EC0-301F-11D3-BF4B-00C04F79EFBC}") = "Sirstrap.CLI", "Sirstrap.CLI\Sirstrap.CLI.csproj", "{2538F83B-BBCE-6550-D193-3F2702F1672C}"
EndProject
Project("{2150E333-8FDC-42A3-9474-1A3956D46DE8}") = "Tests", "Tests", "{02EA681E-C7D8-13C7-8484-4AC65E1B71E8}"
EndProject
Project("{FAE04EC0-301F-11D3-BF4B-00C04F79EFBC}") = "Sirstrap.Core.Tests", "Sirstrap.Core.Tests\Sirstrap.Core.Tests.csproj", "{05502716-1F88-49AE-B940-12D3F985C9ED}"
EndProject
Global
	GlobalSection(SolutionConfigurationPlatforms) = preSolution
		Debug|Any CPU = Debug|Any CPU
		Release|Any CPU = Release|Any CPU
	EndGlobalSection
	GlobalSection(ProjectConfigurationPlatforms) = postSolution
		{4FB1A34A-1FF7-4083-B179-A3CAF4D266E3}.Debug|Any CPU.ActiveCfg = Debug|Any CPU
		{4FB1A34A-1FF7-4083-B179-A3CAF4D266E3}.Debug|Any CPU.Build.0 = Debug|Any CPU
		{4FB1A34A-1FF7-4083-B179-A3CAF4D266E3}.Release|Any CPU.ActiveCfg = Release|Any CPU
		{4FB1A34A-1FF7-4083-B179-A3CAF4D266E3}.Release|Any CPU.Build.0 = Release|Any CPU
		{A9F724D8-A419-4ABB-8D99-541BF1C2B8FA}.Debug|Any CPU.ActiveCfg = Debug|Any CPU
		{A9F724D8-A419-4ABB-8D99-541BF1C2B8FA}.Debug|Any CPU.Build.0 = Debug|Any CPU
		{A9F724D8-A419-4ABB-8D99-541BF1C2B8FA}.Release|Any CPU.ActiveCfg = Release|Any CPU
		{A9F724D8-A419-4ABB-8D99-541BF1C2B8FA}.Release|Any CPU.Build.0 = Release|Any CPU
		{2538F83B-BBCE-6550-D193-3F2702F1672C}.Debug|Any CPU.ActiveCfg = Debug|Any CPU
		{2538F83B-BBCE-6550-D193-3F2702F1672C}.Debug|Any CPU.Build.0 = Debug|Any CPU
		{2538F83B-BBCE-6550-D193-3F2702F1672C}.Release|Any CPU.ActiveCfg = Release|Any CPU
		{2538F83B-BBCE-6550-D193-3F2702F1672C}.Release|Any CPU.Build.0 = Release|Any CPU
		{05502716-1F88-49AE-B940-12D3F985C9ED}.Debug|Any CPU.ActiveCfg = Debug|Any CPU
		{05502716-1F88-49AE-B940-12D3F985C9ED}.Debug|Any CPU.Build.0 = Debug|Any CPU
		{05502716-1F88-49AE-B940-12D3F985C9ED}.Release|Any CPU.ActiveCfg = Release|Any CPU
		{05502716-1F88-49AE-B940-12D3F985C9ED}.Release|Any CPU.Build.0 = Release|Any CPU
	EndGlobalSection
	GlobalSection(SolutionProperties) = preSolution
		HideSolutionNode = FALSE
	EndGlobalSection
	GlobalSection(NestedProjects) = preSolution
		{05502716-1F88-49AE-B940-12D3F985C9ED} = {02EA681E-C7D8-13C7-8484-4AC65E1B71E8}
	EndGlobalSection
	GlobalSection(ExtensibilityGlobals) = postSolution
		SolutionGuid = {A33A0DA8-F9B0-414C-96C5-6C6373859AC3}
	EndGlobalSection
EndGlobal
